
Microsoft Visual Studio Solution File, Format Version 12.00
# Visual Studio 15
VisualStudioVersion = 15.0.26730.12
MinimumVisualStudioVersion = 10.0.40219.1
Project("{FAE04EC0-301F-11D3-BF4B-00C04F79EFBC}") = "PingCheckService", "PingCheckService\PingCheckService.csproj", "{196580FF-267B-45F1-A9E5-9B913B4E9D07}"
EndProject
Global
	GlobalSection(SolutionConfigurationPlatforms) = preSolution
		Debug|Any CPU = Debug|Any CPU
		Release|Any CPU = Release|Any CPU
	EndGlobalSection
	GlobalSection(ProjectConfigurationPlatforms) = postSolution
		{196580FF-267B-45F1-A9E5-9B913B4E9D07}.Debug|Any CPU.ActiveCfg = Debug|Any CPU
		{196580FF-267B-45F1-A9E5-9B913B4E9D07}.Debug|Any CPU.Build.0 = Debug|Any CPU
		{196580FF-267B-45F1-A9E5-9B913B4E9D07}.Release|Any CPU.ActiveCfg = Release|Any CPU
		{196580FF-267B-45F1-A9E5-9B913B4E9D07}.Release|Any CPU.Build.0 = Release|Any CPU
	EndGlobalSection
	GlobalSection(SolutionProperties) = preSolution
		HideSolutionNode = FALSE
	EndGlobalSection
	GlobalSection(ExtensibilityGlobals) = postSolution
		SolutionGuid = {9313568A-2D09-458D-86E5-60426E66EF5A}
	EndGlobalSection
EndGlobal
